
Microsoft Visual Studio Solution File, Format Version 12.00
# Visual Studio 15
VisualStudioVersion = 15.0.26430.6
MinimumVisualStudioVersion = 10.0.40219.1
Project("{FAE04EC0-301F-11D3-BF4B-00C04F79EFBC}") = "DemoAuth.Web", "DemoAuth.Web\DemoAuth.Web.csproj", "{D8539152-BBE7-4DE0-8E2B-8006CB73CFD0}"
EndProject
Project("{FAE04EC0-301F-11D3-BF4B-00C04F79EFBC}") = "DemoAuth.Web.Tests", "DemoAuth.Web.Tests\DemoAuth.Web.Tests.csproj", "{A360BE68-AB6D-4B1C-986B-B2F863B59592}"
EndProject
Global
	GlobalSection(SolutionConfigurationPlatforms) = preSolution
		Debug|Any CPU = Debug|Any CPU
		Release|Any CPU = Release|Any CPU
	EndGlobalSection
	GlobalSection(ProjectConfigurationPlatforms) = postSolution
		{D8539152-BBE7-4DE0-8E2B-8006CB73CFD0}.Debug|Any CPU.ActiveCfg = Debug|Any CPU
		{D8539152-BBE7-4DE0-8E2B-8006CB73CFD0}.Debug|Any CPU.Build.0 = Debug|Any CPU
		{D8539152-BBE7-4DE0-8E2B-8006CB73CFD0}.Release|Any CPU.ActiveCfg = Release|Any CPU
		{D8539152-BBE7-4DE0-8E2B-8006CB73CFD0}.Release|Any CPU.Build.0 = Release|Any CPU
		{A360BE68-AB6D-4B1C-986B-B2F863B59592}.Debug|Any CPU.ActiveCfg = Debug|Any CPU
		{A360BE68-AB6D-4B1C-986B-B2F863B59592}.Debug|Any CPU.Build.0 = Debug|Any CPU
		{A360BE68-AB6D-4B1C-986B-B2F863B59592}.Release|Any CPU.ActiveCfg = Release|Any CPU
		{A360BE68-AB6D-4B1C-986B-B2F863B59592}.Release|Any CPU.Build.0 = Release|Any CPU
	EndGlobalSection
	GlobalSection(SolutionProperties) = preSolution
		HideSolutionNode = FALSE
	EndGlobalSection
EndGlobal
